
Microsoft Visual Studio Solution File, Format Version 12.00
# Visual Studio Version 16
VisualStudioVersion = 16.0.31729.503
MinimumVisualStudioVersion = 10.0.40219.1
Project("{FAE04EC0-301F-11D3-BF4B-00C04F79EFBC}") = "TextBasedAdventurGame", "TextBasedAdventurGame\TextBasedAdventurGame.csproj", "{9CFCC48D-6348-4527-A2A4-AA74FBA307D1}"
EndProject
Global
	GlobalSection(SolutionConfigurationPlatforms) = preSolution
		Debug|Any CPU = Debug|Any CPU
		Release|Any CPU = Release|Any CPU
	EndGlobalSection
	GlobalSection(ProjectConfigurationPlatforms) = postSolution
		{9CFCC48D-6348-4527-A2A4-AA74FBA307D1}.Debug|Any CPU.ActiveCfg = Debug|Any CPU
		{9CFCC48D-6348-4527-A2A4-AA74FBA307D1}.Debug|Any CPU.Build.0 = Debug|Any CPU
		{9CFCC48D-6348-4527-A2A4-AA74FBA307D1}.Release|Any CPU.ActiveCfg = Release|Any CPU
		{9CFCC48D-6348-4527-A2A4-AA74FBA307D1}.Release|Any CPU.Build.0 = Release|Any CPU
	EndGlobalSection
	GlobalSection(SolutionProperties) = preSolution
		HideSolutionNode = FALSE
	EndGlobalSection
	GlobalSection(ExtensibilityGlobals) = postSolution
		SolutionGuid = {0A1FA409-C0C4-47C4-8F3E-714AC2C90A0F}
	EndGlobalSection
EndGlobal
